PODS:
  - AliyunOSSiOS (2.8.0)
  - Bugtags (2.4.3):
    - Bugtags/Core (= 2.4.3)
  - Bugtags/Core (2.4.3)
  - JCore (1.1.6)
  - JPush (3.0.7):
    - JCore (~> 1.1.6)

DEPENDENCIES:
  - AliyunOSSiOS
  - Bugtags
  - JPush

SPEC CHECKSUMS:
  AliyunOSSiOS: e4668b7b2674da6c0aba1c8c09de7df879817407
  Bugtags: 6b4eeb1a20000b7af9b2e74b70da3d1109639f73
  JCore: 18fc8725124f26e55625eaf224659b3a999dcf63
  JPush: 111b79b8a0169ab8fd4c486dac3ed166ed69293e

PODFILE CHECKSUM: 0f35dd1d68e75921091580cbd16f48e9608efd46

COCOAPODS: 1.2.0
